// !$*UTF8*$!
{
	archiveVersion = 1;
	classes = {
	};
	objectVersion = 56;
	objects = {

/* Begin PBXBuildFile section */
		2BB252122A209C3500CD3858 /* AppDelegate.swift in Sources */ = {isa = PBXBuildFile; fileRef = 2BB252112A209C3500CD3858 /* AppDelegate.swift */; };
		2BB252142A209C3500CD3858 /* SceneDelegate.swift in Sources */ = {isa = PBXBuildFile; fileRef = 2BB252132A209C3500CD3858 /* SceneDelegate.swift */; };
		2BB252192A209C3500CD3858 /* Main.storyboard in Resources */ = {isa = PBXBuildFile; fileRef = 2BB252172A209C3500CD3858 /* Main.storyboard */; };
		2BB2521B2A209C3700CD3858 /* Assets.xcassets in Resources */ = {isa = PBXBuildFile; fileRef = 2BB2521A2A209C3700CD3858 /* Assets.xcassets */; };
		2BB2521E2A209C3700CD3858 /* LaunchScreen.storyboard in Resources */ = {isa = PBXBuildFile; fileRef = 2BB2521C2A209C3700CD3858 /* LaunchScreen.storyboard */; };
		2BB2522A2A209E4600CD3858 /* ContactListViewController.swift in Sources */ = {isa = PBXBuildFile; fileRef = 2BB252292A209E4600CD3858 /* ContactListViewController.swift */; };
		2BB2522C2A209EC800CD3858 /* EmailTableViewController.swift in Sources */ = {isa = PBXBuildFile; fileRef = 2BB2522B2A209EC800CD3858 /* EmailTableViewController.swift */; };
		2BB2522E2A209F8100CD3858 /* Person.swift in Sources */ = {isa = PBXBuildFile; fileRef = 2BB2522D2A209F8100CD3858 /* Person.swift */; };
		2BB252312A20A04200CD3858 /* DataStore.swift in Sources */ = {isa = PBXBuildFile; fileRef = 2BB252302A20A04200CD3858 /* DataStore.swift */; };
		2BB252352A20B80300CD3858 /* AdditionalDataViewController.swift in Sources */ = {isa = PBXBuildFile; fileRef = 2BB252342A20B80300CD3858 /* AdditionalDataViewController.swift */; };
		2BBF8CA52A20EEF8004C2561 /* TabBarViewController.swift in Sources */ = {isa = PBXBuildFile; fileRef = 2BBF8CA42A20EEF8004C2561 /* TabBarViewController.swift */; };
/* End PBXBuildFile section */

/* Begin PBXFileReference section */
		2BB2520E2A209C3500CD3858 /* ContactList.app */ = {isa = PBXFileReference; explicitFileType = wrapper.application; includeInIndex = 0; path = ContactList.app; sourceTree = BUILT_PRODUCTS_DIR; };
		2BB252112A209C3500CD3858 /* AppDelegate.swift */ = {isa = PBXFileReference; lastKnownFileType = sourcecode.swift; path = AppDelegate.swift; sourceTree = "<group>"; };
		2BB252132A209C3500CD3858 /* SceneDelegate.swift */ = {isa = PBXFileReference; lastKnownFileType = sourcecode.swift; path = SceneDelegate.swift; sourceTree = "<group>"; };
		2BB252182A209C3500CD3858 /* Base */ = {isa = PBXFileReference; lastKnownFileType = file.storyboard; name = Base; path = Base.lproj/Main.storyboard; sourceTree = "<group>"; };
		2BB2521A2A209C3700CD3858 /* Assets.xcassets */ = {isa = PBXFileReference; lastKnownFileType = folder.assetcatalog; path = Assets.xcassets; sourceTree = "<group>"; };
		2BB2521D2A209C3700CD3858 /* Base */ = {isa = PBXFileReference; lastKnownFileType = file.storyboard; name = Base; path = Base.lproj/LaunchScreen.storyboard; sourceTree = "<group>"; };
		2BB2521F2A209C3700CD3858 /* Info.plist */ = {isa = PBXFileReference; lastKnownFileType = text.plist.xml; path = Info.plist; sourceTree = "<group>"; };
		2BB252292A209E4600CD3858 /* ContactListViewController.swift */ = {isa = PBXFileReference; lastKnownFileType = sourcecode.swift; path = ContactListViewController.swift; sourceTree = "<group>"; };
		2BB2522B2A209EC800CD3858 /* EmailTableViewController.swift */ = {isa = PBXFileReference; lastKnownFileType = sourcecode.swift; path = EmailTableViewController.swift; sourceTree = "<group>"; };
		2BB2522D2A209F8100CD3858 /* Person.swift */ = {isa = PBXFileReference; lastKnownFileType = sourcecode.swift; path = Person.swift; sourceTree = "<group>"; };
		2BB252302A20A04200CD3858 /* DataStore.swift */ = {isa = PBXFileReference; lastKnownFileType = sourcecode.swift; path = DataStore.swift; sourceTree = "<group>"; };
		2BB252342A20B80300CD3858 /* AdditionalDataViewController.swift */ = {isa = PBXFileReference; lastKnownFileType = sourcecode.swift; path = AdditionalDataViewController.swift; sourceTree = "<group>"; };
		2BBF8CA42A20EEF8004C2561 /* TabBarViewController.swift */ = {isa = PBXFileReference; lastKnownFileType = sourcecode.swift; path = TabBarViewController.swift; sourceTree = "<group>"; };
/* End PBXFileReference section */

/* Begin PBXFrameworksBuildPhase section */
		2BB2520B2A209C3500CD3858 /* Frameworks */ = {
			isa = PBXFrameworksBuildPhase;
			buildActionMask = 2147483647;
			files = (
			);
			runOnlyForDeploymentPostprocessing = 0;
		};
/* End PBXFrameworksBuildPhase section */

/* Begin PBXGroup section */
		2BB252052A209C3500CD3858 = {
			isa = PBXGroup;
			children = (
				2BB252102A209C3500CD3858 /* ContactList */,
				2BB2520F2A209C3500CD3858 /* Products */,
			);
			sourceTree = "<group>";
		};
		2BB2520F2A209C3500CD3858 /* Products */ = {
			isa = PBXGroup;
			children = (
				2BB2520E2A209C3500CD3858 /* ContactList.app */,
			);
			name = Products;
			sourceTree = "<group>";
		};
		2BB252102A209C3500CD3858 /* ContactList */ = {
			isa = PBXGroup;
			children = (
				2BB252332A20A04E00CD3858 /* Services */,
				2BB2522F2A20A02D00CD3858 /* Models */,
				2BB252252A209C5C00CD3858 /* App */,
				2BB252262A209C6500CD3858 /* ViewControllers */,
				2BB252272A209C7000CD3858 /* Storyboards */,
				2BB252282A209C7E00CD3858 /* Resources */,
			);
			path = ContactList;
			sourceTree = "<group>";
		};
		2BB252252A209C5C00CD3858 /* App */ = {
			isa = PBXGroup;
			children = (
				2BB252112A209C3500CD3858 /* AppDelegate.swift */,
				2BB252132A209C3500CD3858 /* SceneDelegate.swift */,
				2BB2521F2A209C3700CD3858 /* Info.plist */,
			);
			path = App;
			sourceTree = "<group>";
		};
		2BB252262A209C6500CD3858 /* ViewControllers */ = {
			isa = PBXGroup;
			children = (
				2BBF8CA42A20EEF8004C2561 /* TabBarViewController.swift */,
				2BB252292A209E4600CD3858 /* ContactListViewController.swift */,
				2BB2522B2A209EC800CD3858 /* EmailTableViewController.swift */,
				2BB252342A20B80300CD3858 /* AdditionalDataViewController.swift */,
			);
			path = ViewControllers;
			sourceTree = "<group>";
		};
		2BB252272A209C7000CD3858 /* Storyboards */ = {
			isa = PBXGroup;
			children = (
				2BB252172A209C3500CD3858 /* Main.storyboard */,
				2BB2521C2A209C3700CD3858 /* LaunchScreen.storyboard */,
			);
			path = Storyboards;
			sourceTree = "<group>";
		};
		2BB252282A209C7E00CD3858 /* Resources */ = {
			isa = PBXGroup;
			children = (
				2BB2521A2A209C3700CD3858 /* Assets.xcassets */,
			);
			path = Resources;
			sourceTree = "<group>";
		};
		2BB2522F2A20A02D00CD3858 /* Models */ = {
			isa = PBXGroup;
			children = (
				2BB2522D2A209F8100CD3858 /* Person.swift */,
			);
			path = Models;
			sourceTree = "<group>";
		};
		2BB252332A20A04E00CD3858 /* Services */ = {
			isa = PBXGroup;
			children = (
				2BB252302A20A04200CD3858 /* DataStore.swift */,
			);
			path = Services;
			sourceTree = "<group>";
		};
/* End PBXGroup section */

/* Begin PBXNativeTarget section */
		2BB2520D2A209C3500CD3858 /* ContactList */ = {
			isa = PBXNativeTarget;
			buildConfigurationList = 2BB252222A209C3700CD3858 /* Build configuration list for PBXNativeTarget "ContactList" */;
			buildPhases = (
				2BB2520A2A209C3500CD3858 /* Sources */,
				2BB2520B2A209C3500CD3858 /* Frameworks */,
				2BB2520C2A209C3500CD3858 /* Resources */,
			);
			buildRules = (
			);
			dependencies = (
			);
			name = ContactList;
			productName = ContactList;
			productReference = 2BB2520E2A209C3500CD3858 /* ContactList.app */;
			productType = "com.apple.product-type.application";
		};
/* End PBXNativeTarget section */

/* Begin PBXProject section */
		2BB252062A209C3500CD3858 /* Project object */ = {
			isa = PBXProject;
			attributes = {
				BuildIndependentTargetsInParallel = 1;
				LastSwiftUpdateCheck = 1430;
				LastUpgradeCheck = 1430;
				TargetAttributes = {
					2BB2520D2A209C3500CD3858 = {
						CreatedOnToolsVersion = 14.3;
					};
				};
			};
			buildConfigurationList = 2BB252092A209C3500CD3858 /* Build configuration list for PBXProject "ContactList" */;
			compatibilityVersion = "Xcode 14.0";
			developmentRegion = en;
			hasScannedForEncodings = 0;
			knownRegions = (
				en,
				Base,
			);
			mainGroup = 2BB252052A209C3500CD3858;
			productRefGroup = 2BB2520F2A209C3500CD3858 /* Products */;
			projectDirPath = "";
			projectRoot = "";
			targets = (
				2BB2520D2A209C3500CD3858 /* ContactList */,
			);
		};
/* End PBXProject section */

/* Begin PBXResourcesBuildPhase section */
		2BB2520C2A209C3500CD3858 /* Resources */ = {
			isa = PBXResourcesBuildPhase;
			buildActionMask = 2147483647;
			files = (
				2BB2521E2A209C3700CD3858 /* LaunchScreen.storyboard in Resources */,
				2BB2521B2A209C3700CD3858 /* Assets.xcassets in Resources */,
				2BB252192A209C3500CD3858 /* Main.storyboard in Resources */,
			);
			runOnlyForDeploymentPostprocessing = 0;
		};
/* End PBXResourcesBuildPhase section */

/* Begin PBXSourcesBuildPhase section */
		2BB2520A2A209C3500CD3858 /* Sources */ = {
			isa = PBXSourcesBuildPhase;
			buildActionMask = 2147483647;
			files = (
				2BBF8CA52A20EEF8004C2561 /* TabBarViewController.swift in Sources */,
				2BB2522E2A209F8100CD3858 /* Person.swift in Sources */,
				2BB252312A20A04200CD3858 /* DataStore.swift in Sources */,
				2BB2522C2A209EC800CD3858 /* EmailTableViewController.swift in Sources */,
				2BB252122A209C3500CD3858 /* AppDelegate.swift in Sources */,
				2BB252142A209C3500CD3858 /* SceneDelegate.swift in Sources */,
				2BB252352A20B80300CD3858 /* AdditionalDataViewController.swift in Sources */,
				2BB2522A2A209E4600CD3858 /* ContactListViewController.swift in Sources */,
			);
			runOnlyForDeploymentPostprocessing = 0;
		};
/* End PBXSourcesBuildPhase section */

/* Begin PBXVariantGroup section */
		2BB252172A209C3500CD3858 /* Main.storyboard */ = {
			isa = PBXVariantGroup;
			children = (
				2BB252182A209C3500CD3858 /* Base */,
			);
			name = Main.storyboard;
			sourceTree = "<group>";
		};
		2BB2521C2A209C3700CD3858 /* LaunchScreen.storyboard */ = {
			isa = PBXVariantGroup;
			children = (
				2BB2521D2A209C3700CD3858 /* Base */,
			);
			name = LaunchScreen.storyboard;
			sourceTree = "<group>";
		};
/* End PBXVariantGroup section */

/* Begin XCBuildConfiguration section */
		2BB252202A209C3700CD3858 /* Debug */ = {
			isa = XCBuildConfiguration;
			buildSettings = {
				ALWAYS_SEARCH_USER_PATHS = NO;
				CLANG_ANALYZER_NONNULL = YES;
				CLANG_ANALYZER_NUMBER_OBJECT_CONVERSION = YES_AGGRESSIVE;
				CLANG_CXX_LANGUAGE_STANDARD = "gnu++20";
				CLANG_ENABLE_MODULES = YES;
				CLANG_ENABLE_OBJC_ARC = YES;
				CLANG_ENABLE_OBJC_WEAK = YES;
				CLANG_WARN_BLOCK_CAPTURE_AUTORELEASING = YES;
				CLANG_WARN_BOOL_CONVERSION = YES;
				CLANG_WARN_COMMA = YES;
				CLANG_WARN_CONSTANT_CONVERSION = YES;
				CLANG_WARN_DEPRECATED_OBJC_IMPLEMENTATIONS = YES;
				CLANG_WARN_DIRECT_OBJC_ISA_USAGE = YES_ERROR;
				CLANG_WARN_DOCUMENTATION_COMMENTS = YES;
				CLANG_WARN_EMPTY_BODY = YES;
				CLANG_WARN_ENUM_CONVERSION = YES;
				CLANG_WARN_INFINITE_RECURSION = YES;
				CLANG_WARN_INT_CONVERSION = YES;
				CLANG_WARN_NON_LITERAL_NULL_CONVERSION = YES;
				CLANG_WARN_OBJC_IMPLICIT_RETAIN_SELF = YES;
				CLANG_WARN_OBJC_LITERAL_CONVERSION = YES;
				CLANG_WARN_OBJC_ROOT_CLASS = YES_ERROR;
				CLANG_WARN_QUOTED_INCLUDE_IN_FRAMEWORK_HEADER = YES;
				CLANG_WARN_RANGE_LOOP_ANALYSIS = YES;
				CLANG_WARN_STRICT_PROTOTYPES = YES;
				CLANG_WARN_SUSPICIOUS_MOVE = YES;
				CLANG_WARN_UNGUARDED_AVAILABILITY = YES_AGGRESSIVE;
				CLANG_WARN_UNREACHABLE_CODE = YES;
				CLANG_WARN__DUPLICATE_METHOD_MATCH = YES;
				COPY_PHASE_STRIP = NO;
				DEBUG_INFORMATION_FORMAT = dwarf;
				ENABLE_STRICT_OBJC_MSGSEND = YES;
				ENABLE_TESTABILITY = YES;
				GCC_C_LANGUAGE_STANDARD = gnu11;
				GCC_DYNAMIC_NO_PIC = NO;
				GCC_NO_COMMON_BLOCKS = YES;
				GCC_OPTIMIZATION_LEVEL = 0;
				GCC_PREPROCESSOR_DEFINITIONS = (
					"DEBUG=1",
					"$(inherited)",
				);
				GCC_WARN_64_TO_32_BIT_CONVERSION = YES;
				GCC_WARN_ABOUT_RETURN_TYPE = YES_ERROR;
				GCC_WARN_UNDECLARED_SELECTOR = YES;
				GCC_WARN_UNINITIALIZED_AUTOS = YES_AGGRESSIVE;
				GCC_WARN_UNUSED_FUNCTION = YES;
				GCC_WARN_UNUSED_VARIABLE = YES;
				IPHONEOS_DEPLOYMENT_TARGET = 16.4;
				MTL_ENABLE_DEBUG_INFO = INCLUDE_SOURCE;
				MTL_FAST_MATH = YES;
				ONLY_ACTIVE_ARCH = YES;
				SDKROOT = iphoneos;
				SWIFT_ACTIVE_COMPILATION_CONDITIONS = DEBUG;
				SWIFT_OPTIMIZATION_LEVEL = "-Onone";
			};
			name = Debug;
		};
		2BB252212A209C3700CD3858 /* Release */ = {
			isa = XCBuildConfiguration;
			buildSettings = {
				ALWAYS_SEARCH_USER_PATHS = NO;
				CLANG_ANALYZER_NONNULL = YES;
				CLANG_ANALYZER_NUMBER_OBJECT_CONVERSION = YES_AGGRESSIVE;
				CLANG_CXX_LANGUAGE_STANDARD = "gnu++20";
				CLANG_ENABLE_MODULES = YES;
				CLANG_ENABLE_OBJC_ARC = YES;
				CLANG_ENABLE_OBJC_WEAK = YES;
				CLANG_WARN_BLOCK_CAPTURE_AUTORELEASING = YES;
				CLANG_WARN_BOOL_CONVERSION = YES;
				CLANG_WARN_COMMA = YES;
				CLANG_WARN_CONSTANT_CONVERSION = YES;
				CLANG_WARN_DEPRECATED_OBJC_IMPLEMENTATIONS = YES;
				CLANG_WARN_DIRECT_OBJC_ISA_USAGE = YES_ERROR;
				CLANG_WARN_DOCUMENTATION_COMMENTS = YES;
				CLANG_WARN_EMPTY_BODY = YES;
				CLANG_WARN_ENUM_CONVERSION = YES;
				CLANG_WARN_INFINITE_RECURSION = YES;
				CLANG_WARN_INT_CONVERSION = YES;
				CLANG_WARN_NON_LITERAL_NULL_CONVERSION = YES;
				CLANG_WARN_OBJC_IMPLICIT_RETAIN_SELF = YES;
				CLANG_WARN_OBJC_LITERAL_CONVERSION = YES;
				CLANG_WARN_OBJC_ROOT_CLASS = YES_ERROR;
				CLANG_WARN_QUOTED_INCLUDE_IN_FRAMEWORK_HEADER = YES;
				CLANG_WARN_RANGE_LOOP_ANALYSIS = YES;
				CLANG_WARN_STRICT_PROTOTYPES = YES;
				CLANG_WARN_SUSPICIOUS_MOVE = YES;
				CLANG_WARN_UNGUARDED_AVAILABILITY = YES_AGGRESSIVE;
				CLANG_WARN_UNREACHABLE_CODE = YES;
				CLANG_WARN__DUPLICATE_METHOD_MATCH = YES;
				COPY_PHASE_STRIP = NO;
				DEBUG_INFORMATION_FORMAT = "dwarf-with-dsym";
				ENABLE_NS_ASSERTIONS = NO;
				ENABLE_STRICT_OBJC_MSGSEND = YES;
				GCC_C_LANGUAGE_STANDARD = gnu11;
				GCC_NO_COMMON_BLOCKS = YES;
				GCC_WARN_64_TO_32_BIT_CONVERSION = YES;
				GCC_WARN_ABOUT_RETURN_TYPE = YES_ERROR;
				GCC_WARN_UNDECLARED_SELECTOR = YES;
				GCC_WARN_UNINITIALIZED_AUTOS = YES_AGGRESSIVE;
				GCC_WARN_UNUSED_FUNCTION = YES;
				GCC_WARN_UNUSED_VARIABLE = YES;
				IPHONEOS_DEPLOYMENT_TARGET = 16.4;
				MTL_ENABLE_DEBUG_INFO = NO;
				MTL_FAST_MATH = YES;
				SDKROOT = iphoneos;
				SWIFT_COMPILATION_MODE = wholemodule;
				SWIFT_OPTIMIZATION_LEVEL = "-O";
				VALIDATE_PRODUCT = YES;
			};
			name = Release;
		};
		2BB252232A209C3700CD3858 /* Debug */ = {
			isa = XCBuildConfiguration;
			buildSettings = {
				ASSETCATALOG_COMPILER_APPICON_NAME = AppIcon;
				ASSETCATALOG_COMPILER_GLOBAL_ACCENT_COLOR_NAME = AccentColor;
				CODE_SIGN_STYLE = Automatic;
				CURRENT_PROJECT_VERSION = 1;
				DEVELOPMENT_TEAM = URP9845Z2R;
				GENERATE_INFOPLIST_FILE = YES;
				INFOPLIST_FILE = ContactList/App/Info.plist;
				INFOPLIST_KEY_UIApplicationSupportsIndirectInputEvents = YES;
				INFOPLIST_KEY_UILaunchStoryboardName = LaunchScreen;
				INFOPLIST_KEY_UIMainStoryboardFile = Main;
				INFOPLIST_KEY_UISupportedInterfaceOrientations = UIInterfaceOrientationPortrait;
				INFOPLIST_KEY_UISupportedInterfaceOrientations_iPad = "UIInterfaceOrientationLandscapeLeft UIInterfaceOrientationLandscapeRight UIInterfaceOrientationPortrait UIInterfaceOrientationPortraitUpsideDown";
				LD_RUNPATH_SEARCH_PATHS = (
					"$(inherited)",
					"@executable_path/Frameworks",
				);
				MARKETING_VERSION = 1.0;
				PRODUCT_BUNDLE_IDENTIFIER = matveiSW.com.ContactList;
				PRODUCT_NAME = "$(TARGET_NAME)";
				SUPPORTED_PLATFORMS = "iphoneos iphonesimulator";
				SUPPORTS_MACCATALYST = NO;
				SUPPORTS_MAC_DESIGNED_FOR_IPHONE_IPAD = NO;
				SWIFT_EMIT_LOC_STRINGS = YES;
				SWIFT_VERSION = 5.0;
				TARGETED_DEVICE_FAMILY = 1;
			};
			name = Debug;
		};
		2BB252242A209C3700CD3858 /* Release */ = {
			isa = XCBuildConfiguration;
			buildSettings = {
				ASSETCATALOG_COMPILER_APPICON_NAME = AppIcon;
				ASSETCATALOG_COMPILER_GLOBAL_ACCENT_COLOR_NAME = AccentColor;
				CODE_SIGN_STYLE = Automatic;
				CURRENT_PROJECT_VERSION = 1;
				DEVELOPMENT_TEAM = URP9845Z2R;
				GENERATE_INFOPLIST_FILE = YES;
				INFOPLIST_FILE = ContactList/App/Info.plist;
				INFOPLIST_KEY_UIApplicationSupportsIndirectInputEvents = YES;
				INFOPLIST_KEY_UILaunchStoryboardName = LaunchScreen;
				INFOPLIST_KEY_UIMainStoryboardFile = Main;
				INFOPLIST_KEY_UISupportedInterfaceOrientations = UIInterfaceOrientationPortrait;
				INFOPLIST_KEY_UISupportedInterfaceOrientations_iPad = "UIInterfaceOrientationLandscapeLeft UIInterfaceOrientationLandscapeRight UIInterfaceOrientationPortrait UIInterfaceOrientationPortraitUpsideDown";
				LD_RUNPATH_SEARCH_PATHS = (
					"$(inherited)",
					"@executable_path/Frameworks",
				);
				MARKETING_VERSION = 1.0;
				PRODUCT_BUNDLE_IDENTIFIER = matveiSW.com.ContactList;
				PRODUCT_NAME = "$(TARGET_NAME)";
				SUPPORTED_PLATFORMS = "iphoneos iphonesimulator";
				SUPPORTS_MACCATALYST = NO;
				SUPPORTS_MAC_DESIGNED_FOR_IPHONE_IPAD = NO;
				SWIFT_EMIT_LOC_STRINGS = YES;
				SWIFT_VERSION = 5.0;
				TARGETED_DEVICE_FAMILY = 1;
			};
			name = Release;
		};
/* End XCBuildConfiguration section */

/* Begin XCConfigurationList section */
		2BB252092A209C3500CD3858 /* Build configuration list for PBXProject "ContactList" */ = {
			isa = XCConfigurationList;
			buildConfigurations = (
				2BB252202A209C3700CD3858 /* Debug */,
				2BB252212A209C3700CD3858 /* Release */,
			);
			defaultConfigurationIsVisible = 0;
			defaultConfigurationName = Release;
		};
		2BB252222A209C3700CD3858 /* Build configuration list for PBXNativeTarget "ContactList" */ = {
			isa = XCConfigurationList;
			buildConfigurations = (
				2BB252232A209C3700CD3858 /* Debug */,
				2BB252242A209C3700CD3858 /* Release */,
			);
			defaultConfigurationIsVisible = 0;
			defaultConfigurationName = Release;
		};
/* End XCConfigurationList section */
	};
	rootObject = 2BB252062A209C3500CD3858 /* Project object */;
}
